
Microsoft Visual Studio Solution File, Format Version 12.00
# Visual Studio Version 17
VisualStudioVersion = 17.9.34723.18
MinimumVisualStudioVersion = 10.0.40219.1
Project("{FAE04EC0-301F-11D3-BF4B-00C04F79EFBC}") = "Prog120_S24_L8", "Prog120_S24_L8.csproj", "{09DDED12-3728-4164-BCC4-956D4236E451}"
EndProject
Global
	GlobalSection(SolutionConfigurationPlatforms) = preSolution
		Debug|Any CPU = Debug|Any CPU
		Release|Any CPU = Release|Any CPU
	EndGlobalSection
	GlobalSection(ProjectConfigurationPlatforms) = postSolution
		{09DDED12-3728-4164-BCC4-956D4236E451}.Debug|Any CPU.ActiveCfg = Debug|Any CPU
		{09DDED12-3728-4164-BCC4-956D4236E451}.Debug|Any CPU.Build.0 = Debug|Any CPU
		{09DDED12-3728-4164-BCC4-956D4236E451}.Release|Any CPU.ActiveCfg = Release|Any CPU
		{09DDED12-3728-4164-BCC4-956D4236E451}.Release|Any CPU.Build.0 = Release|Any CPU
	EndGlobalSection
	GlobalSection(SolutionProperties) = preSolution
		HideSolutionNode = FALSE
	EndGlobalSection
	GlobalSection(ExtensibilityGlobals) = postSolution
		SolutionGuid = {3E2AE10A-3E4A-48F7-8237-DEF54C7F89AF}
	EndGlobalSection
EndGlobal
